
Microsoft Visual Studio Solution File, Format Version 12.00
# Visual Studio Version 17
VisualStudioVersion = 17.11.35327.3
MinimumVisualStudioVersion = 10.0.40219.1
Project("{888888A0-9F3D-457C-B088-3A5042F75D52}") = "BotPython", "BotPython.pyproj", "{FD3B3869-040B-4DD4-AA04-3A0CC1411A2F}"
EndProject
Global
	GlobalSection(SolutionConfigurationPlatforms) = preSolution
		Debug|Any CPU = Debug|Any CPU
		Release|Any CPU = Release|Any CPU
	EndGlobalSection
	GlobalSection(ProjectConfigurationPlatforms) = postSolution
		{FD3B3869-040B-4DD4-AA04-3A0CC1411A2F}.Debug|Any CPU.ActiveCfg = Debug|Any CPU
		{FD3B3869-040B-4DD4-AA04-3A0CC1411A2F}.Release|Any CPU.ActiveCfg = Release|Any CPU
	EndGlobalSection
	GlobalSection(SolutionProperties) = preSolution
		HideSolutionNode = FALSE
	EndGlobalSection
	GlobalSection(ExtensibilityGlobals) = postSolution
		SolutionGuid = {6F535F80-C2C8-4BA8-93C3-AC17AE1BAB97}
	EndGlobalSection
EndGlobal
